
Microsoft Visual Studio Solution File, Format Version 12.00
# Visual Studio Version 17
VisualStudioVersion = 17.6.33815.320
MinimumVisualStudioVersion = 10.0.40219.1
Project("{FAE04EC0-301F-11D3-BF4B-00C04F79EFBC}") = "Clima.API", "WebApplication1\Clima.API.csproj", "{3647CE24-E557-44A8-9BAE-4F7A455ECD6C}"
EndProject
Project("{FAE04EC0-301F-11D3-BF4B-00C04F79EFBC}") = "Tests", "Tests\Tests.csproj", "{7E00F818-0EB9-4C15-B4A6-77041B187073}"
EndProject
Project("{E53339B2-1760-4266-BCC7-CA923CBCF16C}") = "docker-compose", "docker-compose.dcproj", "{94AC2F09-7850-4A10-88A6-832135751E6D}"
EndProject
Global
	GlobalSection(SolutionConfigurationPlatforms) = preSolution
		Debug|Any CPU = Debug|Any CPU
		Release|Any CPU = Release|Any CPU
	EndGlobalSection
	GlobalSection(ProjectConfigurationPlatforms) = postSolution
		{3647CE24-E557-44A8-9BAE-4F7A455ECD6C}.Debug|Any CPU.ActiveCfg = Debug|Any CPU
		{3647CE24-E557-44A8-9BAE-4F7A455ECD6C}.Debug|Any CPU.Build.0 = Debug|Any CPU
		{3647CE24-E557-44A8-9BAE-4F7A455ECD6C}.Release|Any CPU.ActiveCfg = Release|Any CPU
		{3647CE24-E557-44A8-9BAE-4F7A455ECD6C}.Release|Any CPU.Build.0 = Release|Any CPU
		{7E00F818-0EB9-4C15-B4A6-77041B187073}.Debug|Any CPU.ActiveCfg = Debug|Any CPU
		{7E00F818-0EB9-4C15-B4A6-77041B187073}.Debug|Any CPU.Build.0 = Debug|Any CPU
		{7E00F818-0EB9-4C15-B4A6-77041B187073}.Release|Any CPU.ActiveCfg = Release|Any CPU
		{7E00F818-0EB9-4C15-B4A6-77041B187073}.Release|Any CPU.Build.0 = Release|Any CPU
		{94AC2F09-7850-4A10-88A6-832135751E6D}.Debug|Any CPU.ActiveCfg = Debug|Any CPU
		{94AC2F09-7850-4A10-88A6-832135751E6D}.Debug|Any CPU.Build.0 = Debug|Any CPU
		{94AC2F09-7850-4A10-88A6-832135751E6D}.Release|Any CPU.ActiveCfg = Release|Any CPU
		{94AC2F09-7850-4A10-88A6-832135751E6D}.Release|Any CPU.Build.0 = Release|Any CPU
	EndGlobalSection
	GlobalSection(SolutionProperties) = preSolution
		HideSolutionNode = FALSE
	EndGlobalSection
	GlobalSection(ExtensibilityGlobals) = postSolution
		SolutionGuid = {810801DB-B69C-4AFA-82F4-412351F5A11E}
	EndGlobalSection
EndGlobal
